
Microsoft Visual Studio Solution File, Format Version 12.00
# Visual Studio Version 17
VisualStudioVersion = 17.5.33516.290
MinimumVisualStudioVersion = 10.0.40219.1
Project("{9A19103F-16F7-4668-BE54-9A1E7A4F7556}") = "DevClinic.API", "DevClinic.API\DevClinic.API.csproj", "{FCE6FA7A-FAA9-4B20-8BC6-D19237A9C43B}"
EndProject
Project("{2150E333-8FDC-42A3-9474-1A3956D46DE8}") = "0 - Presentation", "0 - Presentation", "{1D8B2BFE-4252-4A1D-AE22-CA40D14E08DB}"
EndProject
Project("{2150E333-8FDC-42A3-9474-1A3956D46DE8}") = "1 - Core", "1 - Core", "{1B96E3A7-1843-4480-AB29-8B00B3A20648}"
EndProject
Project("{2150E333-8FDC-42A3-9474-1A3956D46DE8}") = "2 - Infrastructure", "2 - Infrastructure", "{54094341-A5FE-4706-A1E6-37F4F3CC4AAB}"
EndProject
Project("{2150E333-8FDC-42A3-9474-1A3956D46DE8}") = "3 - Services", "3 - Services", "{18650686-FE8D-4A67-B634-1620A513C70F}"
EndProject
Project("{2150E333-8FDC-42A3-9474-1A3956D46DE8}") = "2.1 - Data", "2.1 - Data", "{1F4AB82E-8444-41CD-A4DE-86EA0D8E5DE3}"
EndProject
Project("{2150E333-8FDC-42A3-9474-1A3956D46DE8}") = "2.2 - Cross Cuting", "2.2 - Cross Cuting", "{49AC5D5E-4EC8-425E-ADD1-CE866894C419}"
EndProject
Project("{9A19103F-16F7-4668-BE54-9A1E7A4F7556}") = "DevClinic.Domain", "DevClinic.Domain\DevClinic.Domain.csproj", "{F422383D-7CC6-4659-A863-699B6F57924C}"
EndProject
Project("{9A19103F-16F7-4668-BE54-9A1E7A4F7556}") = "DevClinic.Data", "DevClinic.Data\DevClinic.Data.csproj", "{D4321557-7727-4C08-84EC-665B4BA38703}"
EndProject
Project("{2150E333-8FDC-42A3-9474-1A3956D46DE8}") = "1.1 - Manager", "1.1 - Manager", "{506C9235-26C0-4D22-BCAE-135539DB3EDA}"
EndProject
Project("{2150E333-8FDC-42A3-9474-1A3956D46DE8}") = "1.2 - Domain", "1.2 - Domain", "{CF29BA27-1A13-4FF6-963D-29B548AAB65D}"
EndProject
Project("{9A19103F-16F7-4668-BE54-9A1E7A4F7556}") = "DevClinic.Manager", "DevClinic.Manager\DevClinic.Manager.csproj", "{3DFCD840-3B4E-46D7-B90C-6E525463A690}"
EndProject
Global
	GlobalSection(SolutionConfigurationPlatforms) = preSolution
		Debug|Any CPU = Debug|Any CPU
		Release|Any CPU = Release|Any CPU
	EndGlobalSection
	GlobalSection(ProjectConfigurationPlatforms) = postSolution
		{FCE6FA7A-FAA9-4B20-8BC6-D19237A9C43B}.Debug|Any CPU.ActiveCfg = Debug|Any CPU
		{FCE6FA7A-FAA9-4B20-8BC6-D19237A9C43B}.Debug|Any CPU.Build.0 = Debug|Any CPU
		{FCE6FA7A-FAA9-4B20-8BC6-D19237A9C43B}.Release|Any CPU.ActiveCfg = Release|Any CPU
		{FCE6FA7A-FAA9-4B20-8BC6-D19237A9C43B}.Release|Any CPU.Build.0 = Release|Any CPU
		{F422383D-7CC6-4659-A863-699B6F57924C}.Debug|Any CPU.ActiveCfg = Debug|Any CPU
		{F422383D-7CC6-4659-A863-699B6F57924C}.Debug|Any CPU.Build.0 = Debug|Any CPU
		{F422383D-7CC6-4659-A863-699B6F57924C}.Release|Any CPU.ActiveCfg = Release|Any CPU
		{F422383D-7CC6-4659-A863-699B6F57924C}.Release|Any CPU.Build.0 = Release|Any CPU
		{D4321557-7727-4C08-84EC-665B4BA38703}.Debug|Any CPU.ActiveCfg = Debug|Any CPU
		{D4321557-7727-4C08-84EC-665B4BA38703}.Debug|Any CPU.Build.0 = Debug|Any CPU
		{D4321557-7727-4C08-84EC-665B4BA38703}.Release|Any CPU.ActiveCfg = Release|Any CPU
		{D4321557-7727-4C08-84EC-665B4BA38703}.Release|Any CPU.Build.0 = Release|Any CPU
		{3DFCD840-3B4E-46D7-B90C-6E525463A690}.Debug|Any CPU.ActiveCfg = Debug|Any CPU
		{3DFCD840-3B4E-46D7-B90C-6E525463A690}.Debug|Any CPU.Build.0 = Debug|Any CPU
		{3DFCD840-3B4E-46D7-B90C-6E525463A690}.Release|Any CPU.ActiveCfg = Release|Any CPU
		{3DFCD840-3B4E-46D7-B90C-6E525463A690}.Release|Any CPU.Build.0 = Release|Any CPU
	EndGlobalSection
	GlobalSection(SolutionProperties) = preSolution
		HideSolutionNode = FALSE
	EndGlobalSection
	GlobalSection(NestedProjects) = preSolution
		{FCE6FA7A-FAA9-4B20-8BC6-D19237A9C43B} = {1D8B2BFE-4252-4A1D-AE22-CA40D14E08DB}
		{1F4AB82E-8444-41CD-A4DE-86EA0D8E5DE3} = {54094341-A5FE-4706-A1E6-37F4F3CC4AAB}
		{49AC5D5E-4EC8-425E-ADD1-CE866894C419} = {54094341-A5FE-4706-A1E6-37F4F3CC4AAB}
		{F422383D-7CC6-4659-A863-699B6F57924C} = {CF29BA27-1A13-4FF6-963D-29B548AAB65D}
		{D4321557-7727-4C08-84EC-665B4BA38703} = {1F4AB82E-8444-41CD-A4DE-86EA0D8E5DE3}
		{506C9235-26C0-4D22-BCAE-135539DB3EDA} = {1B96E3A7-1843-4480-AB29-8B00B3A20648}
		{CF29BA27-1A13-4FF6-963D-29B548AAB65D} = {1B96E3A7-1843-4480-AB29-8B00B3A20648}
		{3DFCD840-3B4E-46D7-B90C-6E525463A690} = {506C9235-26C0-4D22-BCAE-135539DB3EDA}
	EndGlobalSection
	GlobalSection(ExtensibilityGlobals) = postSolution
		SolutionGuid = {CF824E1B-CB03-479F-9350-3F5D3B521DCA}
	EndGlobalSection
EndGlobal
